
Microsoft Visual Studio Solution File, Format Version 12.00
# Visual Studio Version 16
VisualStudioVersion = 16.0.30413.136
MinimumVisualStudioVersion = 15.0.26124.0
Project("{2150E333-8FDC-42A3-9474-1A3956D46DE8}") = "src", "src", "{BE382816-376B-4477-B603-872160AB329F}"
EndProject
Project("{9A19103F-16F7-4668-BE54-9A1E7A4F7556}") = "Application", "src\Application\Application.csproj", "{E9E6E52C-1D4E-4726-BEDE-709F0E209738}"
EndProject
Project("{9A19103F-16F7-4668-BE54-9A1E7A4F7556}") = "CrossCutting.Automapper", "src\CrossCutting.Automapper\CrossCutting.Automapper.csproj", "{CBFA24E2-58B9-4FCB-B431-DD87872B584C}"
EndProject
Project("{9A19103F-16F7-4668-BE54-9A1E7A4F7556}") = "CrossCutting.Data", "src\CrossCutting.Data\CrossCutting.Data.csproj", "{13BBD4F4-320A-4CF6-AB17-8EB994D134CE}"
EndProject
Project("{9A19103F-16F7-4668-BE54-9A1E7A4F7556}") = "CrossCutting.EnumExtensions", "src\CrossCutting.EnumExtensions\CrossCutting.EnumExtensions.csproj", "{69CD7799-2672-474F-94B5-4F21262052E2}"
EndProject
Project("{9A19103F-16F7-4668-BE54-9A1E7A4F7556}") = "CrossCutting.FluentValidation", "src\CrossCutting.FluentValidation\CrossCutting.FluentValidation.csproj", "{689B61D0-3438-4157-A134-F32293059079}"
EndProject
Project("{9A19103F-16F7-4668-BE54-9A1E7A4F7556}") = "Domain", "src\Domain\Domain.csproj", "{DC056390-8E16-4D16-AB29-47C5304EF9D9}"
EndProject
Project("{9A19103F-16F7-4668-BE54-9A1E7A4F7556}") = "Infrastructure.Data", "src\Infrastructure.Data\Infrastructure.Data.csproj", "{35264D03-8473-4814-BEE2-05DD87B83E1D}"
EndProject
Project("{9A19103F-16F7-4668-BE54-9A1E7A4F7556}") = "WebAPI", "src\WebAPI\WebAPI.csproj", "{EA31468E-C730-4AFE-A9AC-7E593F6536C6}"
EndProject
Project("{2150E333-8FDC-42A3-9474-1A3956D46DE8}") = "tests", "tests", "{772E2FDD-C677-41FA-860F-26614C927B13}"
EndProject
Project("{9A19103F-16F7-4668-BE54-9A1E7A4F7556}") = "Application.Tests", "tests\Application.Tests\Application.Tests.csproj", "{AE21D3D5-7BB9-40DD-990B-E90B7C0CFFEC}"
EndProject
Project("{9A19103F-16F7-4668-BE54-9A1E7A4F7556}") = "CrossCutting.Automapper.Tests", "tests\CrossCutting.Automapper.Tests\CrossCutting.Automapper.Tests.csproj", "{2EB69048-B7E1-4F66-B41C-242D2342946F}"
EndProject
Project("{9A19103F-16F7-4668-BE54-9A1E7A4F7556}") = "CrossCutting.Data.Tests", "tests\CrossCutting.Data.Tests\CrossCutting.Data.Tests.csproj", "{9FE16540-8371-4183-9372-BD771B1150F4}"
EndProject
Project("{9A19103F-16F7-4668-BE54-9A1E7A4F7556}") = "CrossCutting.EnumExtensions.Tests", "tests\CrossCutting.EnumExtensions.Tests\CrossCutting.EnumExtensions.Tests.csproj", "{C040A3B0-E193-4190-A140-826C74FD9E72}"
EndProject
Project("{9A19103F-16F7-4668-BE54-9A1E7A4F7556}") = "CrossCutting.FluentValidation.Tests", "tests\CrossCutting.FluentValidation.Tests\CrossCutting.FluentValidation.Tests.csproj", "{4B31508A-A431-4DE5-9437-6B221775E509}"
EndProject
Project("{9A19103F-16F7-4668-BE54-9A1E7A4F7556}") = "Domain.Tests", "tests\Domain.Tests\Domain.Tests.csproj", "{3D880664-24D1-47CD-BE92-822BB58E7E98}"
EndProject
Project("{9A19103F-16F7-4668-BE54-9A1E7A4F7556}") = "Infrastructure.Data.Tests", "tests\Infrastructure.Data.Tests\Infrastructure.Data.Tests.csproj", "{91E06767-7411-45A1-96CA-43F01CA085F6}"
EndProject
Project("{9A19103F-16F7-4668-BE54-9A1E7A4F7556}") = "Infrastructure.IoC.Tests", "tests\Infrastructure.IoC.Tests\Infrastructure.IoC.Tests.csproj", "{4C6E7A58-B50C-4D11-BFD6-D714777B484F}"
EndProject
Project("{9A19103F-16F7-4668-BE54-9A1E7A4F7556}") = "WebAPI.Tests", "tests\WebAPI.Tests\WebAPI.Tests.csproj", "{B4E48AC8-4A99-4DC1-9FE3-2269F7BFF7C3}"
EndProject
Project("{9A19103F-16F7-4668-BE54-9A1E7A4F7556}") = "TestsBase", "tests\TestsBase\TestsBase.csproj", "{F2A15F45-7F7F-43F9-AFF0-49345A3D014E}"
EndProject
Project("{9A19103F-16F7-4668-BE54-9A1E7A4F7556}") = "Infrastructure.IoC", "src\Infrastructure.IoC\Infrastructure.IoC.csproj", "{49555917-D577-448D-91D2-1F5CD1FCDCB2}"
EndProject
Global
	GlobalSection(SolutionConfigurationPlatforms) = preSolution
		Debug|Any CPU = Debug|Any CPU
		Debug|x64 = Debug|x64
		Debug|x86 = Debug|x86
		Release|Any CPU = Release|Any CPU
		Release|x64 = Release|x64
		Release|x86 = Release|x86
	EndGlobalSection
	GlobalSection(ProjectConfigurationPlatforms) = postSolution
		{E9E6E52C-1D4E-4726-BEDE-709F0E209738}.Debug|Any CPU.ActiveCfg = Debug|Any CPU
		{E9E6E52C-1D4E-4726-BEDE-709F0E209738}.Debug|Any CPU.Build.0 = Debug|Any CPU
		{E9E6E52C-1D4E-4726-BEDE-709F0E209738}.Debug|x64.ActiveCfg = Debug|Any CPU
		{E9E6E52C-1D4E-4726-BEDE-709F0E209738}.Debug|x64.Build.0 = Debug|Any CPU
		{E9E6E52C-1D4E-4726-BEDE-709F0E209738}.Debug|x86.ActiveCfg = Debug|Any CPU
		{E9E6E52C-1D4E-4726-BEDE-709F0E209738}.Debug|x86.Build.0 = Debug|Any CPU
		{E9E6E52C-1D4E-4726-BEDE-709F0E209738}.Release|Any CPU.ActiveCfg = Release|Any CPU
		{E9E6E52C-1D4E-4726-BEDE-709F0E209738}.Release|Any CPU.Build.0 = Release|Any CPU
		{E9E6E52C-1D4E-4726-BEDE-709F0E209738}.Release|x64.ActiveCfg = Release|Any CPU
		{E9E6E52C-1D4E-4726-BEDE-709F0E209738}.Release|x64.Build.0 = Release|Any CPU
		{E9E6E52C-1D4E-4726-BEDE-709F0E209738}.Release|x86.ActiveCfg = Release|Any CPU
		{E9E6E52C-1D4E-4726-BEDE-709F0E209738}.Release|x86.Build.0 = Release|Any CPU
		{CBFA24E2-58B9-4FCB-B431-DD87872B584C}.Debug|Any CPU.ActiveCfg = Debug|Any CPU
		{CBFA24E2-58B9-4FCB-B431-DD87872B584C}.Debug|Any CPU.Build.0 = Debug|Any CPU
		{CBFA24E2-58B9-4FCB-B431-DD87872B584C}.Debug|x64.ActiveCfg = Debug|Any CPU
		{CBFA24E2-58B9-4FCB-B431-DD87872B584C}.Debug|x64.Build.0 = Debug|Any CPU
		{CBFA24E2-58B9-4FCB-B431-DD87872B584C}.Debug|x86.ActiveCfg = Debug|Any CPU
		{CBFA24E2-58B9-4FCB-B431-DD87872B584C}.Debug|x86.Build.0 = Debug|Any CPU
		{CBFA24E2-58B9-4FCB-B431-DD87872B584C}.Release|Any CPU.ActiveCfg = Release|Any CPU
		{CBFA24E2-58B9-4FCB-B431-DD87872B584C}.Release|Any CPU.Build.0 = Release|Any CPU
		{CBFA24E2-58B9-4FCB-B431-DD87872B584C}.Release|x64.ActiveCfg = Release|Any CPU
		{CBFA24E2-58B9-4FCB-B431-DD87872B584C}.Release|x64.Build.0 = Release|Any CPU
		{CBFA24E2-58B9-4FCB-B431-DD87872B584C}.Release|x86.ActiveCfg = Release|Any CPU
		{CBFA24E2-58B9-4FCB-B431-DD87872B584C}.Release|x86.Build.0 = Release|Any CPU
		{13BBD4F4-320A-4CF6-AB17-8EB994D134CE}.Debug|Any CPU.ActiveCfg = Debug|Any CPU
		{13BBD4F4-320A-4CF6-AB17-8EB994D134CE}.Debug|Any CPU.Build.0 = Debug|Any CPU
		{13BBD4F4-320A-4CF6-AB17-8EB994D134CE}.Debug|x64.ActiveCfg = Debug|Any CPU
		{13BBD4F4-320A-4CF6-AB17-8EB994D134CE}.Debug|x64.Build.0 = Debug|Any CPU
		{13BBD4F4-320A-4CF6-AB17-8EB994D134CE}.Debug|x86.ActiveCfg = Debug|Any CPU
		{13BBD4F4-320A-4CF6-AB17-8EB994D134CE}.Debug|x86.Build.0 = Debug|Any CPU
		{13BBD4F4-320A-4CF6-AB17-8EB994D134CE}.Release|Any CPU.ActiveCfg = Release|Any CPU
		{13BBD4F4-320A-4CF6-AB17-8EB994D134CE}.Release|Any CPU.Build.0 = Release|Any CPU
		{13BBD4F4-320A-4CF6-AB17-8EB994D134CE}.Release|x64.ActiveCfg = Release|Any CPU
		{13BBD4F4-320A-4CF6-AB17-8EB994D134CE}.Release|x64.Build.0 = Release|Any CPU
		{13BBD4F4-320A-4CF6-AB17-8EB994D134CE}.Release|x86.ActiveCfg = Release|Any CPU
		{13BBD4F4-320A-4CF6-AB17-8EB994D134CE}.Release|x86.Build.0 = Release|Any CPU
		{689B61D0-3438-4157-A134-F32293059079}.Debug|Any CPU.ActiveCfg = Debug|Any CPU
		{689B61D0-3438-4157-A134-F32293059079}.Debug|Any CPU.Build.0 = Debug|Any CPU
		{689B61D0-3438-4157-A134-F32293059079}.Debug|x64.ActiveCfg = Debug|Any CPU
		{689B61D0-3438-4157-A134-F32293059079}.Debug|x64.Build.0 = Debug|Any CPU
		{689B61D0-3438-4157-A134-F32293059079}.Debug|x86.ActiveCfg = Debug|Any CPU
		{689B61D0-3438-4157-A134-F32293059079}.Debug|x86.Build.0 = Debug|Any CPU
		{689B61D0-3438-4157-A134-F32293059079}.Release|Any CPU.ActiveCfg = Release|Any CPU
		{689B61D0-3438-4157-A134-F32293059079}.Release|Any CPU.Build.0 = Release|Any CPU
		{689B61D0-3438-4157-A134-F32293059079}.Release|x64.ActiveCfg = Release|Any CPU
		{689B61D0-3438-4157-A134-F32293059079}.Release|x64.Build.0 = Release|Any CPU
		{689B61D0-3438-4157-A134-F32293059079}.Release|x86.ActiveCfg = Release|Any CPU
		{689B61D0-3438-4157-A134-F32293059079}.Release|x86.Build.0 = Release|Any CPU
		{DC056390-8E16-4D16-AB29-47C5304EF9D9}.Debug|Any CPU.ActiveCfg = Debug|Any CPU
		{DC056390-8E16-4D16-AB29-47C5304EF9D9}.Debug|Any CPU.Build.0 = Debug|Any CPU
		{DC056390-8E16-4D16-AB29-47C5304EF9D9}.Debug|x64.ActiveCfg = Debug|Any CPU
		{DC056390-8E16-4D16-AB29-47C5304EF9D9}.Debug|x64.Build.0 = Debug|Any CPU
		{DC056390-8E16-4D16-AB29-47C5304EF9D9}.Debug|x86.ActiveCfg = Debug|Any CPU
		{DC056390-8E16-4D16-AB29-47C5304EF9D9}.Debug|x86.Build.0 = Debug|Any CPU
		{DC056390-8E16-4D16-AB29-47C5304EF9D9}.Release|Any CPU.ActiveCfg = Release|Any CPU
		{DC056390-8E16-4D16-AB29-47C5304EF9D9}.Release|Any CPU.Build.0 = Release|Any CPU
		{DC056390-8E16-4D16-AB29-47C5304EF9D9}.Release|x64.ActiveCfg = Release|Any CPU
		{DC056390-8E16-4D16-AB29-47C5304EF9D9}.Release|x64.Build.0 = Release|Any CPU
		{DC056390-8E16-4D16-AB29-47C5304EF9D9}.Release|x86.ActiveCfg = Release|Any CPU
		{DC056390-8E16-4D16-AB29-47C5304EF9D9}.Release|x86.Build.0 = Release|Any CPU
		{35264D03-8473-4814-BEE2-05DD87B83E1D}.Debug|Any CPU.ActiveCfg = Debug|Any CPU
		{35264D03-8473-4814-BEE2-05DD87B83E1D}.Debug|Any CPU.Build.0 = Debug|Any CPU
		{35264D03-8473-4814-BEE2-05DD87B83E1D}.Debug|x64.ActiveCfg = Debug|Any CPU
		{35264D03-8473-4814-BEE2-05DD87B83E1D}.Debug|x64.Build.0 = Debug|Any CPU
		{35264D03-8473-4814-BEE2-05DD87B83E1D}.Debug|x86.ActiveCfg = Debug|Any CPU
		{35264D03-8473-4814-BEE2-05DD87B83E1D}.Debug|x86.Build.0 = Debug|Any CPU
		{35264D03-8473-4814-BEE2-05DD87B83E1D}.Release|Any CPU.ActiveCfg = Release|Any CPU
		{35264D03-8473-4814-BEE2-05DD87B83E1D}.Release|Any CPU.Build.0 = Release|Any CPU
		{35264D03-8473-4814-BEE2-05DD87B83E1D}.Release|x64.ActiveCfg = Release|Any CPU
		{35264D03-8473-4814-BEE2-05DD87B83E1D}.Release|x64.Build.0 = Release|Any CPU
		{35264D03-8473-4814-BEE2-05DD87B83E1D}.Release|x86.ActiveCfg = Release|Any CPU
		{35264D03-8473-4814-BEE2-05DD87B83E1D}.Release|x86.Build.0 = Release|Any CPU
		{EA31468E-C730-4AFE-A9AC-7E593F6536C6}.Debug|Any CPU.ActiveCfg = Debug|Any CPU
		{EA31468E-C730-4AFE-A9AC-7E593F6536C6}.Debug|Any CPU.Build.0 = Debug|Any CPU
		{EA31468E-C730-4AFE-A9AC-7E593F6536C6}.Debug|x64.ActiveCfg = Debug|Any CPU
		{EA31468E-C730-4AFE-A9AC-7E593F6536C6}.Debug|x64.Build.0 = Debug|Any CPU
		{EA31468E-C730-4AFE-A9AC-7E593F6536C6}.Debug|x86.ActiveCfg = Debug|Any CPU
		{EA31468E-C730-4AFE-A9AC-7E593F6536C6}.Debug|x86.Build.0 = Debug|Any CPU
		{EA31468E-C730-4AFE-A9AC-7E593F6536C6}.Release|Any CPU.ActiveCfg = Release|Any CPU
		{EA31468E-C730-4AFE-A9AC-7E593F6536C6}.Release|Any CPU.Build.0 = Release|Any CPU
		{EA31468E-C730-4AFE-A9AC-7E593F6536C6}.Release|x64.ActiveCfg = Release|Any CPU
		{EA31468E-C730-4AFE-A9AC-7E593F6536C6}.Release|x64.Build.0 = Release|Any CPU
		{EA31468E-C730-4AFE-A9AC-7E593F6536C6}.Release|x86.ActiveCfg = Release|Any CPU
		{EA31468E-C730-4AFE-A9AC-7E593F6536C6}.Release|x86.Build.0 = Release|Any CPU
		{AE21D3D5-7BB9-40DD-990B-E90B7C0CFFEC}.Debug|Any CPU.ActiveCfg = Debug|Any CPU
		{AE21D3D5-7BB9-40DD-990B-E90B7C0CFFEC}.Debug|Any CPU.Build.0 = Debug|Any CPU
		{AE21D3D5-7BB9-40DD-990B-E90B7C0CFFEC}.Debug|x64.ActiveCfg = Debug|Any CPU
		{AE21D3D5-7BB9-40DD-990B-E90B7C0CFFEC}.Debug|x64.Build.0 = Debug|Any CPU
		{AE21D3D5-7BB9-40DD-990B-E90B7C0CFFEC}.Debug|x86.ActiveCfg = Debug|Any CPU
		{AE21D3D5-7BB9-40DD-990B-E90B7C0CFFEC}.Debug|x86.Build.0 = Debug|Any CPU
		{AE21D3D5-7BB9-40DD-990B-E90B7C0CFFEC}.Release|Any CPU.ActiveCfg = Release|Any CPU
		{AE21D3D5-7BB9-40DD-990B-E90B7C0CFFEC}.Release|Any CPU.Build.0 = Release|Any CPU
		{AE21D3D5-7BB9-40DD-990B-E90B7C0CFFEC}.Release|x64.ActiveCfg = Release|Any CPU
		{AE21D3D5-7BB9-40DD-990B-E90B7C0CFFEC}.Release|x64.Build.0 = Release|Any CPU
		{AE21D3D5-7BB9-40DD-990B-E90B7C0CFFEC}.Release|x86.ActiveCfg = Release|Any CPU
		{AE21D3D5-7BB9-40DD-990B-E90B7C0CFFEC}.Release|x86.Build.0 = Release|Any CPU
		{2EB69048-B7E1-4F66-B41C-242D2342946F}.Debug|Any CPU.ActiveCfg = Debug|Any CPU
		{2EB69048-B7E1-4F66-B41C-242D2342946F}.Debug|Any CPU.Build.0 = Debug|Any CPU
		{2EB69048-B7E1-4F66-B41C-242D2342946F}.Debug|x64.ActiveCfg = Debug|Any CPU
		{2EB69048-B7E1-4F66-B41C-242D2342946F}.Debug|x64.Build.0 = Debug|Any CPU
		{2EB69048-B7E1-4F66-B41C-242D2342946F}.Debug|x86.ActiveCfg = Debug|Any CPU
		{2EB69048-B7E1-4F66-B41C-242D2342946F}.Debug|x86.Build.0 = Debug|Any CPU
		{2EB69048-B7E1-4F66-B41C-242D2342946F}.Release|Any CPU.ActiveCfg = Release|Any CPU
		{2EB69048-B7E1-4F66-B41C-242D2342946F}.Release|Any CPU.Build.0 = Release|Any CPU
		{2EB69048-B7E1-4F66-B41C-242D2342946F}.Release|x64.ActiveCfg = Release|Any CPU
		{2EB69048-B7E1-4F66-B41C-242D2342946F}.Release|x64.Build.0 = Release|Any CPU
		{2EB69048-B7E1-4F66-B41C-242D2342946F}.Release|x86.ActiveCfg = Release|Any CPU
		{2EB69048-B7E1-4F66-B41C-242D2342946F}.Release|x86.Build.0 = Release|Any CPU
		{9FE16540-8371-4183-9372-BD771B1150F4}.Debug|Any CPU.ActiveCfg = Debug|Any CPU
		{9FE16540-8371-4183-9372-BD771B1150F4}.Debug|Any CPU.Build.0 = Debug|Any CPU
		{9FE16540-8371-4183-9372-BD771B1150F4}.Debug|x64.ActiveCfg = Debug|Any CPU
		{9FE16540-8371-4183-9372-BD771B1150F4}.Debug|x64.Build.0 = Debug|Any CPU
		{9FE16540-8371-4183-9372-BD771B1150F4}.Debug|x86.ActiveCfg = Debug|Any CPU
		{9FE16540-8371-4183-9372-BD771B1150F4}.Debug|x86.Build.0 = Debug|Any CPU
		{9FE16540-8371-4183-9372-BD771B1150F4}.Release|Any CPU.ActiveCfg = Release|Any CPU
		{9FE16540-8371-4183-9372-BD771B1150F4}.Release|Any CPU.Build.0 = Release|Any CPU
		{9FE16540-8371-4183-9372-BD771B1150F4}.Release|x64.ActiveCfg = Release|Any CPU
		{9FE16540-8371-4183-9372-BD771B1150F4}.Release|x64.Build.0 = Release|Any CPU
		{9FE16540-8371-4183-9372-BD771B1150F4}.Release|x86.ActiveCfg = Release|Any CPU
		{9FE16540-8371-4183-9372-BD771B1150F4}.Release|x86.Build.0 = Release|Any CPU
		{4B31508A-A431-4DE5-9437-6B221775E509}.Debug|Any CPU.ActiveCfg = Debug|Any CPU
		{4B31508A-A431-4DE5-9437-6B221775E509}.Debug|Any CPU.Build.0 = Debug|Any CPU
		{4B31508A-A431-4DE5-9437-6B221775E509}.Debug|x64.ActiveCfg = Debug|Any CPU
		{4B31508A-A431-4DE5-9437-6B221775E509}.Debug|x64.Build.0 = Debug|Any CPU
		{4B31508A-A431-4DE5-9437-6B221775E509}.Debug|x86.ActiveCfg = Debug|Any CPU
		{4B31508A-A431-4DE5-9437-6B221775E509}.Debug|x86.Build.0 = Debug|Any CPU
		{4B31508A-A431-4DE5-9437-6B221775E509}.Release|Any CPU.ActiveCfg = Release|Any CPU
		{4B31508A-A431-4DE5-9437-6B221775E509}.Release|Any CPU.Build.0 = Release|Any CPU
		{4B31508A-A431-4DE5-9437-6B221775E509}.Release|x64.ActiveCfg = Release|Any CPU
		{4B31508A-A431-4DE5-9437-6B221775E509}.Release|x64.Build.0 = Release|Any CPU
		{4B31508A-A431-4DE5-9437-6B221775E509}.Release|x86.ActiveCfg = Release|Any CPU
		{4B31508A-A431-4DE5-9437-6B221775E509}.Release|x86.Build.0 = Release|Any CPU
		{3D880664-24D1-47CD-BE92-822BB58E7E98}.Debug|Any CPU.ActiveCfg = Debug|Any CPU
		{3D880664-24D1-47CD-BE92-822BB58E7E98}.Debug|Any CPU.Build.0 = Debug|Any CPU
		{3D880664-24D1-47CD-BE92-822BB58E7E98}.Debug|x64.ActiveCfg = Debug|Any CPU
		{3D880664-24D1-47CD-BE92-822BB58E7E98}.Debug|x64.Build.0 = Debug|Any CPU
		{3D880664-24D1-47CD-BE92-822BB58E7E98}.Debug|x86.ActiveCfg = Debug|Any CPU
		{3D880664-24D1-47CD-BE92-822BB58E7E98}.Debug|x86.Build.0 = Debug|Any CPU
		{3D880664-24D1-47CD-BE92-822BB58E7E98}.Release|Any CPU.ActiveCfg = Release|Any CPU
		{3D880664-24D1-47CD-BE92-822BB58E7E98}.Release|Any CPU.Build.0 = Release|Any CPU
		{3D880664-24D1-47CD-BE92-822BB58E7E98}.Release|x64.ActiveCfg = Release|Any CPU
		{3D880664-24D1-47CD-BE92-822BB58E7E98}.Release|x64.Build.0 = Release|Any CPU
		{3D880664-24D1-47CD-BE92-822BB58E7E98}.Release|x86.ActiveCfg = Release|Any CPU
		{3D880664-24D1-47CD-BE92-822BB58E7E98}.Release|x86.Build.0 = Release|Any CPU
		{91E06767-7411-45A1-96CA-43F01CA085F6}.Debug|Any CPU.ActiveCfg = Debug|Any CPU
		{91E06767-7411-45A1-96CA-43F01CA085F6}.Debug|Any CPU.Build.0 = Debug|Any CPU
		{91E06767-7411-45A1-96CA-43F01CA085F6}.Debug|x64.ActiveCfg = Debug|Any CPU
		{91E06767-7411-45A1-96CA-43F01CA085F6}.Debug|x64.Build.0 = Debug|Any CPU
		{91E06767-7411-45A1-96CA-43F01CA085F6}.Debug|x86.ActiveCfg = Debug|Any CPU
		{91E06767-7411-45A1-96CA-43F01CA085F6}.Debug|x86.Build.0 = Debug|Any CPU
		{91E06767-7411-45A1-96CA-43F01CA085F6}.Release|Any CPU.ActiveCfg = Release|Any CPU
		{91E06767-7411-45A1-96CA-43F01CA085F6}.Release|Any CPU.Build.0 = Release|Any CPU
		{91E06767-7411-45A1-96CA-43F01CA085F6}.Release|x64.ActiveCfg = Release|Any CPU
		{91E06767-7411-45A1-96CA-43F01CA085F6}.Release|x64.Build.0 = Release|Any CPU
		{91E06767-7411-45A1-96CA-43F01CA085F6}.Release|x86.ActiveCfg = Release|Any CPU
		{91E06767-7411-45A1-96CA-43F01CA085F6}.Release|x86.Build.0 = Release|Any CPU
		{4C6E7A58-B50C-4D11-BFD6-D714777B484F}.Debug|Any CPU.ActiveCfg = Debug|Any CPU
		{4C6E7A58-B50C-4D11-BFD6-D714777B484F}.Debug|Any CPU.Build.0 = Debug|Any CPU
		{4C6E7A58-B50C-4D11-BFD6-D714777B484F}.Debug|x64.ActiveCfg = Debug|Any CPU
		{4C6E7A58-B50C-4D11-BFD6-D714777B484F}.Debug|x64.Build.0 = Debug|Any CPU
		{4C6E7A58-B50C-4D11-BFD6-D714777B484F}.Debug|x86.ActiveCfg = Debug|Any CPU
		{4C6E7A58-B50C-4D11-BFD6-D714777B484F}.Debug|x86.Build.0 = Debug|Any CPU
		{4C6E7A58-B50C-4D11-BFD6-D714777B484F}.Release|Any CPU.ActiveCfg = Release|Any CPU
		{4C6E7A58-B50C-4D11-BFD6-D714777B484F}.Release|Any CPU.Build.0 = Release|Any CPU
		{4C6E7A58-B50C-4D11-BFD6-D714777B484F}.Release|x64.ActiveCfg = Release|Any CPU
		{4C6E7A58-B50C-4D11-BFD6-D714777B484F}.Release|x64.Build.0 = Release|Any CPU
		{4C6E7A58-B50C-4D11-BFD6-D714777B484F}.Release|x86.ActiveCfg = Release|Any CPU
		{4C6E7A58-B50C-4D11-BFD6-D714777B484F}.Release|x86.Build.0 = Release|Any CPU
		{B4E48AC8-4A99-4DC1-9FE3-2269F7BFF7C3}.Debug|Any CPU.ActiveCfg = Debug|Any CPU
		{B4E48AC8-4A99-4DC1-9FE3-2269F7BFF7C3}.Debug|Any CPU.Build.0 = Debug|Any CPU
		{B4E48AC8-4A99-4DC1-9FE3-2269F7BFF7C3}.Debug|x64.ActiveCfg = Debug|Any CPU
		{B4E48AC8-4A99-4DC1-9FE3-2269F7BFF7C3}.Debug|x64.Build.0 = Debug|Any CPU
		{B4E48AC8-4A99-4DC1-9FE3-2269F7BFF7C3}.Debug|x86.ActiveCfg = Debug|Any CPU
		{B4E48AC8-4A99-4DC1-9FE3-2269F7BFF7C3}.Debug|x86.Build.0 = Debug|Any CPU
		{B4E48AC8-4A99-4DC1-9FE3-2269F7BFF7C3}.Release|Any CPU.ActiveCfg = Release|Any CPU
		{B4E48AC8-4A99-4DC1-9FE3-2269F7BFF7C3}.Release|Any CPU.Build.0 = Release|Any CPU
		{B4E48AC8-4A99-4DC1-9FE3-2269F7BFF7C3}.Release|x64.ActiveCfg = Release|Any CPU
		{B4E48AC8-4A99-4DC1-9FE3-2269F7BFF7C3}.Release|x64.Build.0 = Release|Any CPU
		{B4E48AC8-4A99-4DC1-9FE3-2269F7BFF7C3}.Release|x86.ActiveCfg = Release|Any CPU
		{B4E48AC8-4A99-4DC1-9FE3-2269F7BFF7C3}.Release|x86.Build.0 = Release|Any CPU
		{F2A15F45-7F7F-43F9-AFF0-49345A3D014E}.Debug|Any CPU.ActiveCfg = Debug|Any CPU
		{F2A15F45-7F7F-43F9-AFF0-49345A3D014E}.Debug|Any CPU.Build.0 = Debug|Any CPU
		{F2A15F45-7F7F-43F9-AFF0-49345A3D014E}.Debug|x64.ActiveCfg = Debug|Any CPU
		{F2A15F45-7F7F-43F9-AFF0-49345A3D014E}.Debug|x64.Build.0 = Debug|Any CPU
		{F2A15F45-7F7F-43F9-AFF0-49345A3D014E}.Debug|x86.ActiveCfg = Debug|Any CPU
		{F2A15F45-7F7F-43F9-AFF0-49345A3D014E}.Debug|x86.Build.0 = Debug|Any CPU
		{F2A15F45-7F7F-43F9-AFF0-49345A3D014E}.Release|Any CPU.ActiveCfg = Release|Any CPU
		{F2A15F45-7F7F-43F9-AFF0-49345A3D014E}.Release|Any CPU.Build.0 = Release|Any CPU
		{F2A15F45-7F7F-43F9-AFF0-49345A3D014E}.Release|x64.ActiveCfg = Release|Any CPU
		{F2A15F45-7F7F-43F9-AFF0-49345A3D014E}.Release|x64.Build.0 = Release|Any CPU
		{F2A15F45-7F7F-43F9-AFF0-49345A3D014E}.Release|x86.ActiveCfg = Release|Any CPU
		{F2A15F45-7F7F-43F9-AFF0-49345A3D014E}.Release|x86.Build.0 = Release|Any CPU
		{69CD7799-2672-474F-94B5-4F21262052E2}.Debug|Any CPU.ActiveCfg = Debug|Any CPU
		{69CD7799-2672-474F-94B5-4F21262052E2}.Debug|Any CPU.Build.0 = Debug|Any CPU
		{69CD7799-2672-474F-94B5-4F21262052E2}.Debug|x64.ActiveCfg = Debug|Any CPU
		{69CD7799-2672-474F-94B5-4F21262052E2}.Debug|x64.Build.0 = Debug|Any CPU
		{69CD7799-2672-474F-94B5-4F21262052E2}.Debug|x86.ActiveCfg = Debug|Any CPU
		{69CD7799-2672-474F-94B5-4F21262052E2}.Debug|x86.Build.0 = Debug|Any CPU
		{69CD7799-2672-474F-94B5-4F21262052E2}.Release|Any CPU.ActiveCfg = Release|Any CPU
		{69CD7799-2672-474F-94B5-4F21262052E2}.Release|Any CPU.Build.0 = Release|Any CPU
		{69CD7799-2672-474F-94B5-4F21262052E2}.Release|x64.ActiveCfg = Release|Any CPU
		{69CD7799-2672-474F-94B5-4F21262052E2}.Release|x64.Build.0 = Release|Any CPU
		{69CD7799-2672-474F-94B5-4F21262052E2}.Release|x86.ActiveCfg = Release|Any CPU
		{69CD7799-2672-474F-94B5-4F21262052E2}.Release|x86.Build.0 = Release|Any CPU
		{C040A3B0-E193-4190-A140-826C74FD9E72}.Debug|Any CPU.ActiveCfg = Debug|Any CPU
		{C040A3B0-E193-4190-A140-826C74FD9E72}.Debug|Any CPU.Build.0 = Debug|Any CPU
		{C040A3B0-E193-4190-A140-826C74FD9E72}.Debug|x64.ActiveCfg = Debug|Any CPU
		{C040A3B0-E193-4190-A140-826C74FD9E72}.Debug|x64.Build.0 = Debug|Any CPU
		{C040A3B0-E193-4190-A140-826C74FD9E72}.Debug|x86.ActiveCfg = Debug|Any CPU
		{C040A3B0-E193-4190-A140-826C74FD9E72}.Debug|x86.Build.0 = Debug|Any CPU
		{C040A3B0-E193-4190-A140-826C74FD9E72}.Release|Any CPU.ActiveCfg = Release|Any CPU
		{C040A3B0-E193-4190-A140-826C74FD9E72}.Release|Any CPU.Build.0 = Release|Any CPU
		{C040A3B0-E193-4190-A140-826C74FD9E72}.Release|x64.ActiveCfg = Release|Any CPU
		{C040A3B0-E193-4190-A140-826C74FD9E72}.Release|x64.Build.0 = Release|Any CPU
		{C040A3B0-E193-4190-A140-826C74FD9E72}.Release|x86.ActiveCfg = Release|Any CPU
		{C040A3B0-E193-4190-A140-826C74FD9E72}.Release|x86.Build.0 = Release|Any CPU
		{49555917-D577-448D-91D2-1F5CD1FCDCB2}.Debug|Any CPU.ActiveCfg = Debug|Any CPU
		{49555917-D577-448D-91D2-1F5CD1FCDCB2}.Debug|Any CPU.Build.0 = Debug|Any CPU
		{49555917-D577-448D-91D2-1F5CD1FCDCB2}.Debug|x64.ActiveCfg = Debug|Any CPU
		{49555917-D577-448D-91D2-1F5CD1FCDCB2}.Debug|x64.Build.0 = Debug|Any CPU
		{49555917-D577-448D-91D2-1F5CD1FCDCB2}.Debug|x86.ActiveCfg = Debug|Any CPU
		{49555917-D577-448D-91D2-1F5CD1FCDCB2}.Debug|x86.Build.0 = Debug|Any CPU
		{49555917-D577-448D-91D2-1F5CD1FCDCB2}.Release|Any CPU.ActiveCfg = Release|Any CPU
		{49555917-D577-448D-91D2-1F5CD1FCDCB2}.Release|Any CPU.Build.0 = Release|Any CPU
		{49555917-D577-448D-91D2-1F5CD1FCDCB2}.Release|x64.ActiveCfg = Release|Any CPU
		{49555917-D577-448D-91D2-1F5CD1FCDCB2}.Release|x64.Build.0 = Release|Any CPU
		{49555917-D577-448D-91D2-1F5CD1FCDCB2}.Release|x86.ActiveCfg = Release|Any CPU
		{49555917-D577-448D-91D2-1F5CD1FCDCB2}.Release|x86.Build.0 = Release|Any CPU
	EndGlobalSection
	GlobalSection(SolutionProperties) = preSolution
		HideSolutionNode = FALSE
	EndGlobalSection
	GlobalSection(NestedProjects) = preSolution
		{E9E6E52C-1D4E-4726-BEDE-709F0E209738} = {BE382816-376B-4477-B603-872160AB329F}
		{CBFA24E2-58B9-4FCB-B431-DD87872B584C} = {BE382816-376B-4477-B603-872160AB329F}
		{13BBD4F4-320A-4CF6-AB17-8EB994D134CE} = {BE382816-376B-4477-B603-872160AB329F}
		{689B61D0-3438-4157-A134-F32293059079} = {BE382816-376B-4477-B603-872160AB329F}
		{DC056390-8E16-4D16-AB29-47C5304EF9D9} = {BE382816-376B-4477-B603-872160AB329F}
		{35264D03-8473-4814-BEE2-05DD87B83E1D} = {BE382816-376B-4477-B603-872160AB329F}
		{EA31468E-C730-4AFE-A9AC-7E593F6536C6} = {BE382816-376B-4477-B603-872160AB329F}
		{AE21D3D5-7BB9-40DD-990B-E90B7C0CFFEC} = {772E2FDD-C677-41FA-860F-26614C927B13}
		{2EB69048-B7E1-4F66-B41C-242D2342946F} = {772E2FDD-C677-41FA-860F-26614C927B13}
		{9FE16540-8371-4183-9372-BD771B1150F4} = {772E2FDD-C677-41FA-860F-26614C927B13}
		{4B31508A-A431-4DE5-9437-6B221775E509} = {772E2FDD-C677-41FA-860F-26614C927B13}
		{3D880664-24D1-47CD-BE92-822BB58E7E98} = {772E2FDD-C677-41FA-860F-26614C927B13}
		{91E06767-7411-45A1-96CA-43F01CA085F6} = {772E2FDD-C677-41FA-860F-26614C927B13}
		{4C6E7A58-B50C-4D11-BFD6-D714777B484F} = {772E2FDD-C677-41FA-860F-26614C927B13}
		{B4E48AC8-4A99-4DC1-9FE3-2269F7BFF7C3} = {772E2FDD-C677-41FA-860F-26614C927B13}
		{F2A15F45-7F7F-43F9-AFF0-49345A3D014E} = {772E2FDD-C677-41FA-860F-26614C927B13}
		{69CD7799-2672-474F-94B5-4F21262052E2} = {BE382816-376B-4477-B603-872160AB329F}
		{C040A3B0-E193-4190-A140-826C74FD9E72} = {772E2FDD-C677-41FA-860F-26614C927B13}
		{49555917-D577-448D-91D2-1F5CD1FCDCB2} = {BE382816-376B-4477-B603-872160AB329F}
	EndGlobalSection
	GlobalSection(ExtensibilityGlobals) = postSolution
		SolutionGuid = {A6B2BFD7-E42D-4EB8-A073-9D1C65AD637F}
	EndGlobalSection
EndGlobal
